// !$*UTF8*$!
{
	archiveVersion = 1;
	classes = {
	};
	objectVersion = 50;
	objects = {

/* Begin PBXBuildFile section */
		97CD45F42526BBC6005B9129 /* AppDelegate.swift in Sources */ = {isa = PBXBuildFile; fileRef = 97CD45F32526BBC6005B9129 /* AppDelegate.swift */; };
		97CD45F62526BBC6005B9129 /* SceneDelegate.swift in Sources */ = {isa = PBXBuildFile; fileRef = 97CD45F52526BBC6005B9129 /* SceneDelegate.swift */; };
		97CD45F82526BBC6005B9129 /* ContentView.swift in Sources */ = {isa = PBXBuildFile; fileRef = 97CD45F72526BBC6005B9129 /* ContentView.swift */; };
		97CD45FB2526BBC6005B9129 /* CoreDataProject.xcdatamodeld in Sources */ = {isa = PBXBuildFile; fileRef = 97CD45F92526BBC6005B9129 /* CoreDataProject.xcdatamodeld */; };
		97CD45FD2526BBC9005B9129 /* Assets.xcassets in Resources */ = {isa = PBXBuildFile; fileRef = 97CD45FC2526BBC9005B9129 /* Assets.xcassets */; };
		97CD46002526BBC9005B9129 /* Preview Assets.xcassets in Resources */ = {isa = PBXBuildFile; fileRef = 97CD45FF2526BBC9005B9129 /* Preview Assets.xcassets */; };
		97CD46032526BBC9005B9129 /* LaunchScreen.storyboard in Resources */ = {isa = PBXBuildFile; fileRef = 97CD46012526BBC9005B9129 /* LaunchScreen.storyboard */; };
		97CD460F2526BD9E005B9129 /* Candy+CoreDataClass.swift in Sources */ = {isa = PBXBuildFile; fileRef = 97CD460B2526BD9E005B9129 /* Candy+CoreDataClass.swift */; };
		97CD46102526BD9E005B9129 /* Candy+CoreDataProperties.swift in Sources */ = {isa = PBXBuildFile; fileRef = 97CD460C2526BD9E005B9129 /* Candy+CoreDataProperties.swift */; };
		97CD46172526BE86005B9129 /* Country+CoreDataClass.swift in Sources */ = {isa = PBXBuildFile; fileRef = 97CD46152526BE86005B9129 /* Country+CoreDataClass.swift */; };
		97CD46182526BE86005B9129 /* Country+CoreDataProperties.swift in Sources */ = {isa = PBXBuildFile; fileRef = 97CD46162526BE86005B9129 /* Country+CoreDataProperties.swift */; };
/* End PBXBuildFile section */

/* Begin PBXFileReference section */
		97CD45F02526BBC6005B9129 /* CoreDataProject.app */ = {isa = PBXFileReference; explicitFileType = wrapper.application; includeInIndex = 0; path = CoreDataProject.app; sourceTree = BUILT_PRODUCTS_DIR; };
		97CD45F32526BBC6005B9129 /* AppDelegate.swift */ = {isa = PBXFileReference; lastKnownFileType = sourcecode.swift; path = AppDelegate.swift; sourceTree = "<group>"; };
		97CD45F52526BBC6005B9129 /* SceneDelegate.swift */ = {isa = PBXFileReference; lastKnownFileType = sourcecode.swift; path = SceneDelegate.swift; sourceTree = "<group>"; };
		97CD45F72526BBC6005B9129 /* ContentView.swift */ = {isa = PBXFileReference; lastKnownFileType = sourcecode.swift; path = ContentView.swift; sourceTree = "<group>"; };
		97CD45FA2526BBC6005B9129 /* CoreDataProject.xcdatamodel */ = {isa = PBXFileReference; lastKnownFileType = wrapper.xcdatamodel; path = CoreDataProject.xcdatamodel; sourceTree = "<group>"; };
		97CD45FC2526BBC9005B9129 /* Assets.xcassets */ = {isa = PBXFileReference; lastKnownFileType = folder.assetcatalog; path = Assets.xcassets; sourceTree = "<group>"; };
		97CD45FF2526BBC9005B9129 /* Preview Assets.xcassets */ = {isa = PBXFileReference; lastKnownFileType = folder.assetcatalog; path = "Preview Assets.xcassets"; sourceTree = "<group>"; };
		97CD46022526BBC9005B9129 /* Base */ = {isa = PBXFileReference; lastKnownFileType = file.storyboard; name = Base; path = Base.lproj/LaunchScreen.storyboard; sourceTree = "<group>"; };
		97CD46042526BBC9005B9129 /* Info.plist */ = {isa = PBXFileReference; lastKnownFileType = text.plist.xml; path = Info.plist; sourceTree = "<group>"; };
		97CD460B2526BD9E005B9129 /* Candy+CoreDataClass.swift */ = {isa = PBXFileReference; lastKnownFileType = sourcecode.swift; name = "Candy+CoreDataClass.swift"; path = "CoreDataProject/Candy+CoreDataClass.swift"; sourceTree = "<group>"; };
		97CD460C2526BD9E005B9129 /* Candy+CoreDataProperties.swift */ = {isa = PBXFileReference; lastKnownFileType = sourcecode.swift; name = "Candy+CoreDataProperties.swift"; path = "CoreDataProject/Candy+CoreDataProperties.swift"; sourceTree = "<group>"; };
		97CD46152526BE86005B9129 /* Country+CoreDataClass.swift */ = {isa = PBXFileReference; lastKnownFileType = sourcecode.swift; name = "Country+CoreDataClass.swift"; path = "CoreDataProject/Country+CoreDataClass.swift"; sourceTree = "<group>"; };
		97CD46162526BE86005B9129 /* Country+CoreDataProperties.swift */ = {isa = PBXFileReference; lastKnownFileType = sourcecode.swift; name = "Country+CoreDataProperties.swift"; path = "CoreDataProject/Country+CoreDataProperties.swift"; sourceTree = "<group>"; };
/* End PBXFileReference section */

/* Begin PBXFrameworksBuildPhase section */
		97CD45ED2526BBC6005B9129 /* Frameworks */ = {
			isa = PBXFrameworksBuildPhase;
			buildActionMask = 2147483647;
			files = (
			);
			runOnlyForDeploymentPostprocessing = 0;
		};
/* End PBXFrameworksBuildPhase section */

/* Begin PBXGroup section */
		97CD45E72526BBC6005B9129 = {
			isa = PBXGroup;
			children = (
				97CD46152526BE86005B9129 /* Country+CoreDataClass.swift */,
				97CD46162526BE86005B9129 /* Country+CoreDataProperties.swift */,
				97CD460B2526BD9E005B9129 /* Candy+CoreDataClass.swift */,
				97CD460C2526BD9E005B9129 /* Candy+CoreDataProperties.swift */,
				97CD45F22526BBC6005B9129 /* CoreDataProject */,
				97CD45F12526BBC6005B9129 /* Products */,
			);
			sourceTree = "<group>";
		};
		97CD45F12526BBC6005B9129 /* Products */ = {
			isa = PBXGroup;
			children = (
				97CD45F02526BBC6005B9129 /* CoreDataProject.app */,
			);
			name = Products;
			sourceTree = "<group>";
		};
		97CD45F22526BBC6005B9129 /* CoreDataProject */ = {
			isa = PBXGroup;
			children = (
				97CD45F32526BBC6005B9129 /* AppDelegate.swift */,
				97CD45F52526BBC6005B9129 /* SceneDelegate.swift */,
				97CD45F72526BBC6005B9129 /* ContentView.swift */,
				97CD45FC2526BBC9005B9129 /* Assets.xcassets */,
				97CD46012526BBC9005B9129 /* LaunchScreen.storyboard */,
				97CD46042526BBC9005B9129 /* Info.plist */,
				97CD45F92526BBC6005B9129 /* CoreDataProject.xcdatamodeld */,
				97CD45FE2526BBC9005B9129 /* Preview Content */,
			);
			path = CoreDataProject;
			sourceTree = "<group>";
		};
		97CD45FE2526BBC9005B9129 /* Preview Content */ = {
			isa = PBXGroup;
			children = (
				97CD45FF2526BBC9005B9129 /* Preview Assets.xcassets */,
			);
			path = "Preview Content";
			sourceTree = "<group>";
		};
/* End PBXGroup section */

/* Begin PBXNativeTarget section */
		97CD45EF2526BBC6005B9129 /* CoreDataProject */ = {
			isa = PBXNativeTarget;
			buildConfigurationList = 97CD46072526BBC9005B9129 /* Build configuration list for PBXNativeTarget "CoreDataProject" */;
			buildPhases = (
				97CD45EC2526BBC6005B9129 /* Sources */,
				97CD45ED2526BBC6005B9129 /* Frameworks */,
				97CD45EE2526BBC6005B9129 /* Resources */,
			);
			buildRules = (
			);
			dependencies = (
			);
			name = CoreDataProject;
			productName = CoreDataProject;
			productReference = 97CD45F02526BBC6005B9129 /* CoreDataProject.app */;
			productType = "com.apple.product-type.application";
		};
/* End PBXNativeTarget section */

/* Begin PBXProject section */
		97CD45E82526BBC6005B9129 /* Project object */ = {
			isa = PBXProject;
			attributes = {
				LastSwiftUpdateCheck = 1200;
				LastUpgradeCheck = 1200;
				TargetAttributes = {
					97CD45EF2526BBC6005B9129 = {
						CreatedOnToolsVersion = 12.0.1;
					};
				};
			};
			buildConfigurationList = 97CD45EB2526BBC6005B9129 /* Build configuration list for PBXProject "CoreDataProject" */;
			compatibilityVersion = "Xcode 9.3";
			developmentRegion = en;
			hasScannedForEncodings = 0;
			knownRegions = (
				en,
				Base,
			);
			mainGroup = 97CD45E72526BBC6005B9129;
			productRefGroup = 97CD45F12526BBC6005B9129 /* Products */;
			projectDirPath = "";
			projectRoot = "";
			targets = (
				97CD45EF2526BBC6005B9129 /* CoreDataProject */,
			);
		};
/* End PBXProject section */

/* Begin PBXResourcesBuildPhase section */
		97CD45EE2526BBC6005B9129 /* Resources */ = {
			isa = PBXResourcesBuildPhase;
			buildActionMask = 2147483647;
			files = (
				97CD46032526BBC9005B9129 /* LaunchScreen.storyboard in Resources */,
				97CD46002526BBC9005B9129 /* Preview Assets.xcassets in Resources */,
				97CD45FD2526BBC9005B9129 /* Assets.xcassets in Resources */,
			);
			runOnlyForDeploymentPostprocessing = 0;
		};
/* End PBXResourcesBuildPhase section */

/* Begin PBXSourcesBuildPhase section */
		97CD45EC2526BBC6005B9129 /* Sources */ = {
			isa = PBXSourcesBuildPhase;
			buildActionMask = 2147483647;
			files = (
				97CD45F42526BBC6005B9129 /* AppDelegate.swift in Sources */,
				97CD460F2526BD9E005B9129 /* Candy+CoreDataClass.swift in Sources */,
				97CD45F62526BBC6005B9129 /* SceneDelegate.swift in Sources */,
				97CD46102526BD9E005B9129 /* Candy+CoreDataProperties.swift in Sources */,
				97CD46182526BE86005B9129 /* Country+CoreDataProperties.swift in Sources */,
				97CD46172526BE86005B9129 /* Country+CoreDataClass.swift in Sources */,
				97CD45FB2526BBC6005B9129 /* CoreDataProject.xcdatamodeld in Sources */,
				97CD45F82526BBC6005B9129 /* ContentView.swift in Sources */,
			);
			runOnlyForDeploymentPostprocessing = 0;
		};
/* End PBXSourcesBuildPhase section */

/* Begin PBXVariantGroup section */
		97CD46012526BBC9005B9129 /* LaunchScreen.storyboard */ = {
			isa = PBXVariantGroup;
			children = (
				97CD46022526BBC9005B9129 /* Base */,
			);
			name = LaunchScreen.storyboard;
			sourceTree = "<group>";
		};
/* End PBXVariantGroup section */

/* Begin XCBuildConfiguration section */
		97CD46052526BBC9005B9129 /* Debug */ = {
			isa = XCBuildConfiguration;
			buildSettings = {
				ALWAYS_SEARCH_USER_PATHS = NO;
				CLANG_ANALYZER_NONNULL = YES;
				CLANG_ANALYZER_NUMBER_OBJECT_CONVERSION = YES_AGGRESSIVE;
				CLANG_CXX_LANGUAGE_STANDARD = "gnu++14";
				CLANG_CXX_LIBRARY = "libc++";
				CLANG_ENABLE_MODULES = YES;
				CLANG_ENABLE_OBJC_ARC = YES;
				CLANG_ENABLE_OBJC_WEAK = YES;
				CLANG_WARN_BLOCK_CAPTURE_AUTORELEASING = YES;
				CLANG_WARN_BOOL_CONVERSION = YES;
				CLANG_WARN_COMMA = YES;
				CLANG_WARN_CONSTANT_CONVERSION = YES;
				CLANG_WARN_DEPRECATED_OBJC_IMPLEMENTATIONS = YES;
				CLANG_WARN_DIRECT_OBJC_ISA_USAGE = YES_ERROR;
				CLANG_WARN_DOCUMENTATION_COMMENTS = YES;
				CLANG_WARN_EMPTY_BODY = YES;
				CLANG_WARN_ENUM_CONVERSION = YES;
				CLANG_WARN_INFINITE_RECURSION = YES;
				CLANG_WARN_INT_CONVERSION = YES;
				CLANG_WARN_NON_LITERAL_NULL_CONVERSION = YES;
				CLANG_WARN_OBJC_IMPLICIT_RETAIN_SELF = YES;
				CLANG_WARN_OBJC_LITERAL_CONVERSION = YES;
				CLANG_WARN_OBJC_ROOT_CLASS = YES_ERROR;
				CLANG_WARN_QUOTED_INCLUDE_IN_FRAMEWORK_HEADER = YES;
				CLANG_WARN_RANGE_LOOP_ANALYSIS = YES;
				CLANG_WARN_STRICT_PROTOTYPES = YES;
				CLANG_WARN_SUSPICIOUS_MOVE = YES;
				CLANG_WARN_UNGUARDED_AVAILABILITY = YES_AGGRESSIVE;
				CLANG_WARN_UNREACHABLE_CODE = YES;
				CLANG_WARN__DUPLICATE_METHOD_MATCH = YES;
				COPY_PHASE_STRIP = NO;
				DEBUG_INFORMATION_FORMAT = dwarf;
				ENABLE_STRICT_OBJC_MSGSEND = YES;
				ENABLE_TESTABILITY = YES;
				GCC_C_LANGUAGE_STANDARD = gnu11;
				GCC_DYNAMIC_NO_PIC = NO;
				GCC_NO_COMMON_BLOCKS = YES;
				GCC_OPTIMIZATION_LEVEL = 0;
				GCC_PREPROCESSOR_DEFINITIONS = (
					"DEBUG=1",
					"$(inherited)",
				);
				GCC_WARN_64_TO_32_BIT_CONVERSION = YES;
				GCC_WARN_ABOUT_RETURN_TYPE = YES_ERROR;
				GCC_WARN_UNDECLARED_SELECTOR = YES;
				GCC_WARN_UNINITIALIZED_AUTOS = YES_AGGRESSIVE;
				GCC_WARN_UNUSED_FUNCTION = YES;
				GCC_WARN_UNUSED_VARIABLE = YES;
				IPHONEOS_DEPLOYMENT_TARGET = 14.0;
				MTL_ENABLE_DEBUG_INFO = INCLUDE_SOURCE;
				MTL_FAST_MATH = YES;
				ONLY_ACTIVE_ARCH = YES;
				SDKROOT = iphoneos;
				SWIFT_ACTIVE_COMPILATION_CONDITIONS = DEBUG;
				SWIFT_OPTIMIZATION_LEVEL = "-Onone";
			};
			name = Debug;
		};
		97CD46062526BBC9005B9129 /* Release */ = {
			isa = XCBuildConfiguration;
			buildSettings = {
				ALWAYS_SEARCH_USER_PATHS = NO;
				CLANG_ANALYZER_NONNULL = YES;
				CLANG_ANALYZER_NUMBER_OBJECT_CONVERSION = YES_AGGRESSIVE;
				CLANG_CXX_LANGUAGE_STANDARD = "gnu++14";
				CLANG_CXX_LIBRARY = "libc++";
				CLANG_ENABLE_MODULES = YES;
				CLANG_ENABLE_OBJC_ARC = YES;
				CLANG_ENABLE_OBJC_WEAK = YES;
				CLANG_WARN_BLOCK_CAPTURE_AUTORELEASING = YES;
				CLANG_WARN_BOOL_CONVERSION = YES;
				CLANG_WARN_COMMA = YES;
				CLANG_WARN_CONSTANT_CONVERSION = YES;
				CLANG_WARN_DEPRECATED_OBJC_IMPLEMENTATIONS = YES;
				CLANG_WARN_DIRECT_OBJC_ISA_USAGE = YES_ERROR;
				CLANG_WARN_DOCUMENTATION_COMMENTS = YES;
				CLANG_WARN_EMPTY_BODY = YES;
				CLANG_WARN_ENUM_CONVERSION = YES;
				CLANG_WARN_INFINITE_RECURSION = YES;
				CLANG_WARN_INT_CONVERSION = YES;
				CLANG_WARN_NON_LITERAL_NULL_CONVERSION = YES;
				CLANG_WARN_OBJC_IMPLICIT_RETAIN_SELF = YES;
				CLANG_WARN_OBJC_LITERAL_CONVERSION = YES;
				CLANG_WARN_OBJC_ROOT_CLASS = YES_ERROR;
				CLANG_WARN_QUOTED_INCLUDE_IN_FRAMEWORK_HEADER = YES;
				CLANG_WARN_RANGE_LOOP_ANALYSIS = YES;
				CLANG_WARN_STRICT_PROTOTYPES = YES;
				CLANG_WARN_SUSPICIOUS_MOVE = YES;
				CLANG_WARN_UNGUARDED_AVAILABILITY = YES_AGGRESSIVE;
				CLANG_WARN_UNREACHABLE_CODE = YES;
				CLANG_WARN__DUPLICATE_METHOD_MATCH = YES;
				COPY_PHASE_STRIP = NO;
				DEBUG_INFORMATION_FORMAT = "dwarf-with-dsym";
				ENABLE_NS_ASSERTIONS = NO;
				ENABLE_STRICT_OBJC_MSGSEND = YES;
				GCC_C_LANGUAGE_STANDARD = gnu11;
				GCC_NO_COMMON_BLOCKS = YES;
				GCC_WARN_64_TO_32_BIT_CONVERSION = YES;
				GCC_WARN_ABOUT_RETURN_TYPE = YES_ERROR;
				GCC_WARN_UNDECLARED_SELECTOR = YES;
				GCC_WARN_UNINITIALIZED_AUTOS = YES_AGGRESSIVE;
				GCC_WARN_UNUSED_FUNCTION = YES;
				GCC_WARN_UNUSED_VARIABLE = YES;
				IPHONEOS_DEPLOYMENT_TARGET = 14.0;
				MTL_ENABLE_DEBUG_INFO = NO;
				MTL_FAST_MATH = YES;
				SDKROOT = iphoneos;
				SWIFT_COMPILATION_MODE = wholemodule;
				SWIFT_OPTIMIZATION_LEVEL = "-O";
				VALIDATE_PRODUCT = YES;
			};
			name = Release;
		};
		97CD46082526BBC9005B9129 /* Debug */ = {
			isa = XCBuildConfiguration;
			buildSettings = {
				ASSETCATALOG_COMPILER_APPICON_NAME = AppIcon;
				ASSETCATALOG_COMPILER_GLOBAL_ACCENT_COLOR_NAME = AccentColor;
				CODE_SIGN_STYLE = Automatic;
				DEVELOPMENT_ASSET_PATHS = "\"CoreDataProject/Preview Content\"";
				ENABLE_PREVIEWS = YES;
				INFOPLIST_FILE = CoreDataProject/Info.plist;
				LD_RUNPATH_SEARCH_PATHS = (
					"$(inherited)",
					"@executable_path/Frameworks",
				);
				PRODUCT_BUNDLE_IDENTIFIER = me.lee.lucas.CoreDataProject;
				PRODUCT_NAME = "$(TARGET_NAME)";
				SWIFT_VERSION = 5.0;
				TARGETED_DEVICE_FAMILY = "1,2";
			};
			name = Debug;
		};
		97CD46092526BBC9005B9129 /* Release */ = {
			isa = XCBuildConfiguration;
			buildSettings = {
				ASSETCATALOG_COMPILER_APPICON_NAME = AppIcon;
				ASSETCATALOG_COMPILER_GLOBAL_ACCENT_COLOR_NAME = AccentColor;
				CODE_SIGN_STYLE = Automatic;
				DEVELOPMENT_ASSET_PATHS = "\"CoreDataProject/Preview Content\"";
				ENABLE_PREVIEWS = YES;
				INFOPLIST_FILE = CoreDataProject/Info.plist;
				LD_RUNPATH_SEARCH_PATHS = (
					"$(inherited)",
					"@executable_path/Frameworks",
				);
				PRODUCT_BUNDLE_IDENTIFIER = me.lee.lucas.CoreDataProject;
				PRODUCT_NAME = "$(TARGET_NAME)";
				SWIFT_VERSION = 5.0;
				TARGETED_DEVICE_FAMILY = "1,2";
			};
			name = Release;
		};
/* End XCBuildConfiguration section */

/* Begin XCConfigurationList section */
		97CD45EB2526BBC6005B9129 /* Build configuration list for PBXProject "CoreDataProject" */ = {
			isa = XCConfigurationList;
			buildConfigurations = (
				97CD46052526BBC9005B9129 /* Debug */,
				97CD46062526BBC9005B9129 /* Release */,
			);
			defaultConfigurationIsVisible = 0;
			defaultConfigurationName = Release;
		};
		97CD46072526BBC9005B9129 /* Build configuration list for PBXNativeTarget "CoreDataProject" */ = {
			isa = XCConfigurationList;
			buildConfigurations = (
				97CD46082526BBC9005B9129 /* Debug */,
				97CD46092526BBC9005B9129 /* Release */,
			);
			defaultConfigurationIsVisible = 0;
			defaultConfigurationName = Release;
		};
/* End XCConfigurationList section */

/* Begin XCVersionGroup section */
		97CD45F92526BBC6005B9129 /* CoreDataProject.xcdatamodeld */ = {
			isa = XCVersionGroup;
			children = (
				97CD45FA2526BBC6005B9129 /* CoreDataProject.xcdatamodel */,
			);
			currentVersion = 97CD45FA2526BBC6005B9129 /* CoreDataProject.xcdatamodel */;
			path = CoreDataProject.xcdatamodeld;
			sourceTree = "<group>";
			versionGroupType = wrapper.xcdatamodel;
		};
/* End XCVersionGroup section */
	};
	rootObject = 97CD45E82526BBC6005B9129 /* Project object */;
}
